
Microsoft Visual Studio Solution File, Format Version 12.00
# Visual Studio 14
VisualStudioVersion = 14.0.25420.1
MinimumVisualStudioVersion = 10.0.40219.1
Project("{FAE04EC0-301F-11D3-BF4B-00C04F79EFBC}") = "anylSycm", "WindowsFormsApplication2\anylSycm.csproj", "{DD942EE0-504F-4BF8-B948-943564FB784F}"
EndProject
Global
	GlobalSection(SolutionConfigurationPlatforms) = preSolution
		Debug|Any CPU = Debug|Any CPU
		Release|Any CPU = Release|Any CPU
	EndGlobalSection
	GlobalSection(ProjectConfigurationPlatforms) = postSolution
		{DD942EE0-504F-4BF8-B948-943564FB784F}.Debug|Any CPU.ActiveCfg = Debug|x64
		{DD942EE0-504F-4BF8-B948-943564FB784F}.Debug|Any CPU.Build.0 = Debug|x64
		{DD942EE0-504F-4BF8-B948-943564FB784F}.Release|Any CPU.ActiveCfg = Release|Any CPU
		{DD942EE0-504F-4BF8-B948-943564FB784F}.Release|Any CPU.Build.0 = Release|Any CPU
	EndGlobalSection
	GlobalSection(SolutionProperties) = preSolution
		HideSolutionNode = FALSE
	EndGlobalSection
EndGlobal
